
Microsoft Visual Studio Solution File, Format Version 12.00
# Visual Studio Version 17
VisualStudioVersion = 17.13.35723.152 d17.13
MinimumVisualStudioVersion = 10.0.40219.1
Project("{FAE04EC0-301F-11D3-BF4B-00C04F79EFBC}") = "WindowsApps.Samples", "WindowsApps.Samples\WindowsApps.Samples.csproj", "{B31697B9-BE6C-4997-953B-EE5F9B23B5FA}"
EndProject
Project("{FAE04EC0-301F-11D3-BF4B-00C04F79EFBC}") = "WinFormsApp.Core", "WinFormsApp.Core\WinFormsApp.Core.csproj", "{89B60128-6734-466B-A28E-A74FC4500465}"
EndProject
Project("{FAE04EC0-301F-11D3-BF4B-00C04F79EFBC}") = "WpfApp1", "WpfApp1\WpfApp1.csproj", "{E5474D15-6144-4B0E-A6A1-C50B8B941E3C}"
EndProject
Project("{FAE04EC0-301F-11D3-BF4B-00C04F79EFBC}") = "MauiApp1", "MauiApp1\MauiApp1.csproj", "{C163E3F1-3A05-4ADC-ABC2-0238BDE866C5}"
EndProject
Project("{FAE04EC0-301F-11D3-BF4B-00C04F79EFBC}") = "WebApplication.Mvc", "WebApplication.Mvc\WebApplication.Mvc.csproj", "{A69DB2D5-7B51-4770-A767-D1DC753CFAC6}"
EndProject
Project("{FAE04EC0-301F-11D3-BF4B-00C04F79EFBC}") = "WebApplication.Mvc3", "WebApplication.Mvc3\WebApplication.Mvc3.csproj", "{2FDAFADD-5B61-42B5-A1E5-E246509E6D1C}"
EndProject
Project("{FAE04EC0-301F-11D3-BF4B-00C04F79EFBC}") = "SampleWebApp.Mvc", "SampleWebApp.Mvc\SampleWebApp.Mvc.csproj", "{B55DDE79-23C8-4B8E-9C97-C2C28E257B92}"
EndProject
Global
	GlobalSection(SolutionConfigurationPlatforms) = preSolution
		Debug|Any CPU = Debug|Any CPU
		Release|Any CPU = Release|Any CPU
	EndGlobalSection
	GlobalSection(ProjectConfigurationPlatforms) = postSolution
		{B31697B9-BE6C-4997-953B-EE5F9B23B5FA}.Debug|Any CPU.ActiveCfg = Debug|Any CPU
		{B31697B9-BE6C-4997-953B-EE5F9B23B5FA}.Debug|Any CPU.Build.0 = Debug|Any CPU
		{B31697B9-BE6C-4997-953B-EE5F9B23B5FA}.Release|Any CPU.ActiveCfg = Release|Any CPU
		{B31697B9-BE6C-4997-953B-EE5F9B23B5FA}.Release|Any CPU.Build.0 = Release|Any CPU
		{89B60128-6734-466B-A28E-A74FC4500465}.Debug|Any CPU.ActiveCfg = Debug|Any CPU
		{89B60128-6734-466B-A28E-A74FC4500465}.Debug|Any CPU.Build.0 = Debug|Any CPU
		{89B60128-6734-466B-A28E-A74FC4500465}.Release|Any CPU.ActiveCfg = Release|Any CPU
		{89B60128-6734-466B-A28E-A74FC4500465}.Release|Any CPU.Build.0 = Release|Any CPU
		{E5474D15-6144-4B0E-A6A1-C50B8B941E3C}.Debug|Any CPU.ActiveCfg = Debug|Any CPU
		{E5474D15-6144-4B0E-A6A1-C50B8B941E3C}.Debug|Any CPU.Build.0 = Debug|Any CPU
		{E5474D15-6144-4B0E-A6A1-C50B8B941E3C}.Release|Any CPU.ActiveCfg = Release|Any CPU
		{E5474D15-6144-4B0E-A6A1-C50B8B941E3C}.Release|Any CPU.Build.0 = Release|Any CPU
		{C163E3F1-3A05-4ADC-ABC2-0238BDE866C5}.Debug|Any CPU.ActiveCfg = Debug|Any CPU
		{C163E3F1-3A05-4ADC-ABC2-0238BDE866C5}.Debug|Any CPU.Build.0 = Debug|Any CPU
		{C163E3F1-3A05-4ADC-ABC2-0238BDE866C5}.Debug|Any CPU.Deploy.0 = Debug|Any CPU
		{C163E3F1-3A05-4ADC-ABC2-0238BDE866C5}.Release|Any CPU.ActiveCfg = Release|Any CPU
		{C163E3F1-3A05-4ADC-ABC2-0238BDE866C5}.Release|Any CPU.Build.0 = Release|Any CPU
		{A69DB2D5-7B51-4770-A767-D1DC753CFAC6}.Debug|Any CPU.ActiveCfg = Debug|Any CPU
		{A69DB2D5-7B51-4770-A767-D1DC753CFAC6}.Debug|Any CPU.Build.0 = Debug|Any CPU
		{A69DB2D5-7B51-4770-A767-D1DC753CFAC6}.Release|Any CPU.ActiveCfg = Release|Any CPU
		{A69DB2D5-7B51-4770-A767-D1DC753CFAC6}.Release|Any CPU.Build.0 = Release|Any CPU
		{2FDAFADD-5B61-42B5-A1E5-E246509E6D1C}.Debug|Any CPU.ActiveCfg = Debug|Any CPU
		{2FDAFADD-5B61-42B5-A1E5-E246509E6D1C}.Debug|Any CPU.Build.0 = Debug|Any CPU
		{2FDAFADD-5B61-42B5-A1E5-E246509E6D1C}.Release|Any CPU.ActiveCfg = Release|Any CPU
		{2FDAFADD-5B61-42B5-A1E5-E246509E6D1C}.Release|Any CPU.Build.0 = Release|Any CPU
		{B55DDE79-23C8-4B8E-9C97-C2C28E257B92}.Debug|Any CPU.ActiveCfg = Debug|Any CPU
		{B55DDE79-23C8-4B8E-9C97-C2C28E257B92}.Debug|Any CPU.Build.0 = Debug|Any CPU
		{B55DDE79-23C8-4B8E-9C97-C2C28E257B92}.Release|Any CPU.ActiveCfg = Release|Any CPU
		{B55DDE79-23C8-4B8E-9C97-C2C28E257B92}.Release|Any CPU.Build.0 = Release|Any CPU
	EndGlobalSection
	GlobalSection(SolutionProperties) = preSolution
		HideSolutionNode = FALSE
	EndGlobalSection
	GlobalSection(ExtensibilityGlobals) = postSolution
		SolutionGuid = {7724B1E9-9E13-4B90-8D20-0E9715FFF2B4}
	EndGlobalSection
EndGlobal
